# This file is automatically @generated by Cargo.
# It is not intended for manual editing.
version = 3

[[package]]
name = "Ownership"
version = "0.1.0"

[[package]]
name = "Result"
version = "0.1.0"

[[package]]
name = "array"
version = "0.1.0"

[[package]]
name = "asCohersion"
version = "0.1.0"

[[package]]
name = "basicLifetime"
version = "0.1.0"

[[package]]
name = "borrowing"
version = "0.1.0"

[[package]]
name = "char-bol-unit"
version = "0.1.0"

[[package]]
name = "constGenerics"
version = "0.1.0"

[[package]]
name = "eenum"
version = "0.1.0"

[[package]]
name = "first_1"
version = "0.1.0"

[[package]]
name = "first_2"
version = "0.1.0"

[[package]]
name = "first_3"
version = "0.1.0"

[[package]]
name = "first_4"
version = "0.1.0"

[[package]]
name = "first_5"
version = "0.1.0"

[[package]]
name = "first_6"
version = "0.1.0"

[[package]]
name = "first_7"
version = "0.1.0"

[[package]]
name = "first_8"
version = "0.1.0"

[[package]]
name = "first_9"
version = "0.1.0"

[[package]]
name = "flowcontrol"
version = "0.1.0"

[[package]]
name = "from-into"
version = "0.1.0"

[[package]]
name = "functions"
version = "0.1.0"

[[package]]
name = "generics"
version = "0.1.0"

[[package]]
name = "hashmapColection"
version = "0.1.0"

[[package]]
name = "match-ifLet"
version = "0.1.0"

[[package]]
name = "method"
version = "0.1.0"

[[package]]
name = "numbers"
version = "0.1.0"

[[package]]
name = "otherConversions"
version = "0.1.0"

[[package]]
name = "panicHandle"
version = "0.1.0"

[[package]]
name = "patterns"
version = "0.1.0"

[[package]]
name = "print-format"
version = "0.1.0"

[[package]]
name = "slice"
version = "0.1.0"

[[package]]
name = "sstruct"
version = "0.1.0"

[[package]]
name = "statement-expression"
version = "0.1.0"

[[package]]
name = "string"
version = "0.1.0"

[[package]]
name = "stringstype"
version = "0.1.0"

[[package]]
name = "traitObject"
version = "0.1.0"

[[package]]
name = "traits"
version = "0.1.0"

[[package]]
name = "tuple"
version = "0.1.0"

[[package]]
name = "vectorCollection"
version = "0.1.0"
